# This file is @generated by PDM.
# It is not intended for manual editing.

[metadata]
groups = ["default"]
strategy = ["inherit_metadata"]
lock_version = "4.5.0"
content_hash = "sha256:ad8cd6acbd5e9ece551d6c26f336bdc6dccbd88da1481117dbbb9924d3276288"

[[metadata.targets]]
requires_python = "==3.13.*"

[[package]]
name = "aiohappyeyeballs"
version = "2.6.1"
requires_python = ">=3.9"
summary = "Happy Eyeballs for asyncio"
groups = ["default"]
files = [
    {file = "aiohappyeyeballs-2.6.1-py3-none-any.whl", hash = "sha256:f349ba8f4b75cb25c99c5c2d84e997e485204d2902a9597802b0371f09331fb8"},
    {file = "aiohappyeyeballs-2.6.1.tar.gz", hash = "sha256:c3f9d0113123803ccadfdf3f0faa505bc78e6a72d1cc4806cbd719826e943558"},
]

[[package]]
name = "aiohttp"
version = "3.13.5"
requires_python = ">=3.9"
summary = "Async http client/server framework (asyncio)"
groups = ["default"]
dependencies = [
    "aiohappyeyeballs>=2.5.0",
    "aiosignal>=1.4.0",
    "async-timeout<6.0,>=4.0; python_version < \"3.11\"",
    "attrs>=17.3.0",
    "frozenlist>=1.1.1",
    "multidict<7.0,>=4.5",
    "propcache>=0.2.0",
    "yarl<2.0,>=1.17.0",
]
files = [
    {file = "aiohttp-3.13.5-cp313-cp313-macosx_10_13_universal2.whl", hash = "sha256:a5029cc80718bbd545123cd8fe5d15025eccaaaace5d0eeec6bd556ad6163d61"},
    {file = "aiohttp-3.13.5-cp313-cp313-macosx_10_13_x86_64.whl", hash = "sha256:4bb6bf5811620003614076bdc807ef3b5e38244f9d25ca5fe888eaccea2a9832"},
    {file = "aiohttp-3.13.5-cp313-cp313-macosx_11_0_arm64.whl", hash = "sha256:a84792f8631bf5a94e52d9cc881c0b824ab42717165a5579c760b830d9392ac9"},
    {file = "aiohttp-3.13.5-cp313-cp313-manylinux2014_aarch64.manylinux_2_17_aarch64.manylinux_2_28_aarch64.whl", hash = "sha256:57653eac22c6a4c13eb22ecf4d673d64a12f266e72785ab1c8b8e5940d0e8090"},
    {file = "aiohttp-3.13.5-cp313-cp313-manylinux2014_armv7l.manylinux_2_17_armv7l.manylinux_2_31_armv7l.whl", hash = "sha256:e5e5f7debc7a57af53fdf5c5009f9391d9f4c12867049d509bf7bb164a6e295b"},
    {file = "aiohttp-3.13.5-cp313-cp313-manylinux2014_ppc64le.manylinux_2_17_ppc64le.manylinux_2_28_ppc64le.whl", hash = "sha256:c719f65bebcdf6716f10e9eff80d27567f7892d8988c06de12bbbd39307c6e3a"},
    {file = "aiohttp-3.13.5-cp313-cp313-manylinux2014_s390x.manylinux_2_17_s390x.manylinux_2_28_s390x.whl", hash = "sha256:d97f93fdae594d886c5a866636397e2bcab146fd7a132fd6bb9ce182224452f8"},
    {file = "aiohttp-3.13.5-cp313-cp313-manylinux2014_x86_64.manylinux_2_17_x86_64.manylinux_2_28_x86_64.whl", hash = "sha256:3df334e39d4c2f899a914f1dba283c1aadc311790733f705182998c6f7cae665"},
    {file = "aiohttp-3.13.5-cp313-cp313-manylinux_2_31_riscv64.manylinux_2_39_riscv64.whl", hash = "sha256:fe6970addfea9e5e081401bcbadf865d2b6da045472f58af08427e108d618540"},
    {file = "aiohttp-3.13.5-cp313-cp313-musllinux_1_2_aarch64.whl", hash = "sha256:7becdf835feff2f4f335d7477f121af787e3504b48b449ff737afb35869ba7bb"},
    {file = "aiohttp-3.13.5-cp313-cp313-musllinux_1_2_armv7l.whl", hash = "sha256:676e5651705ad5d8a70aeb8eb6936c436d8ebbd56e63436cb7dd9bb36d2a9a46"},
    {file = "aiohttp-3.13.5-cp313-cp313-musllinux_1_2_ppc64le.whl", hash = "sha256:9b16c653d38eb1a611cc898c41e76859ca27f119d25b53c12875fd0474ae31a8"},
    {file = "aiohttp-3.13.5-cp313-cp313-musllinux_1_2_riscv64.whl", hash = "sha256:999802d5fa0389f58decd24b537c54aa63c01c3219ce17d1214cbda3c2b22d2d"},
    {file = "aiohttp-3.13.5-cp313-cp313-musllinux_1_2_s390x.whl", hash = "sha256:ec707059ee75732b1ba130ed5f9580fe10ff75180c812bc267ded039db5128c6"},
    {file = "aiohttp-3.13.5-cp313-cp313-musllinux_1_2_x86_64.whl", hash = "sha256:2d6d44a5b48132053c2f6cd5c8cb14bc67e99a63594e336b0f2af81e94d5530c"},
    {file = "aiohttp-3.13.5-cp313-cp313-win32.whl", hash = "sha256:329f292ed14d38a6c4c435e465f48bebb47479fd676a0411936cc371643225cc"},
    {file = "aiohttp-3.13.5-cp313-cp313-win_amd64.whl", hash = "sha256:69f571de7500e0557801c0b51f4780482c0ec5fe2ac851af5a92cfce1af1cb83"},
    {file = "aiohttp-3.13.5.tar.gz", hash = "sha256:9d98cc980ecc96be6eb4c1994ce35d28d8b1f5e5208a23b421187d1209dbb7d1"},
]

[[package]]
name = "aiosignal"
version = "1.4.0"
requires_python = ">=3.9"
summary = "aiosignal: a list of registered asynchronous callbacks"
groups = ["default"]
dependencies = [
    "frozenlist>=1.1.0",
    "typing-extensions>=4.2; python_version < \"3.13\"",
]
files = [
    {file = "aiosignal-1.4.0-py3-none-any.whl", hash = "sha256:053243f8b92b990551949e63930a839ff0cf0b0ebbe0597b0f3fb19e1a0fe82e"},
    {file = "aiosignal-1.4.0.tar.gz", hash = "sha256:f47eecd9468083c2029cc99945502cb7708b082c232f9aca65da147157b251c7"},
]

[[package]]
name = "attrs"
version = "26.1.0"
requires_python = ">=3.9"
summary = "Classes Without Boilerplate"
groups = ["default"]
files = [
    {file = "attrs-26.1.0-py3-none-any.whl", hash = "sha256:c647aa4a12dfbad9333ca4e71fe62ddc36f4e63b2d260a37a8b83d2f043ac309"},
    {file = "attrs-26.1.0.tar.gz", hash = "sha256:d03ceb89cb322a8fd706d4fb91940737b6642aa36998fe130a9bc96c985eff32"},
]

[[package]]
name = "audioop-lts"
version = "0.2.2"
requires_python = ">=3.13"
summary = "LTS Port of Python audioop"
groups = ["default"]
marker = "python_version >= \"3.13\""
files = [
    {file = "audioop_lts-0.2.2-cp313-abi3-macosx_10_13_universal2.whl", hash = "sha256:fd3d4602dc64914d462924a08c1a9816435a2155d74f325853c1f1ac3b2d9800"},
    {file = "audioop_lts-0.2.2-cp313-abi3-macosx_10_13_x86_64.whl", hash = "sha256:550c114a8df0aafe9a05442a1162dfc8fec37e9af1d625ae6060fed6e756f303"},
    {file = "audioop_lts-0.2.2-cp313-abi3-macosx_11_0_arm64.whl", hash = "sha256:9a13dc409f2564de15dd68be65b462ba0dde01b19663720c68c1140c782d1d75"},
    {file = "audioop_lts-0.2.2-cp313-abi3-manylinux1_x86_64.manylinux_2_28_x86_64.manylinux_2_5_x86_64.whl", hash = "sha256:51c916108c56aa6e426ce611946f901badac950ee2ddaf302b7ed35d9958970d"},
    {file = "audioop_lts-0.2.2-cp313-abi3-manylinux2014_aarch64.manylinux_2_17_aarch64.manylinux_2_28_aarch64.whl", hash = "sha256:47eba38322370347b1c47024defbd36374a211e8dd5b0dcbce7b34fdb6f8847b"},
    {file = "audioop_lts-0.2.2-cp313-abi3-manylinux2014_ppc64le.manylinux_2_17_ppc64le.manylinux_2_28_ppc64le.whl", hash = "sha256:ba7c3a7e5f23e215cb271516197030c32aef2e754252c4c70a50aaff7031a2c8"},
    {file = "audioop_lts-0.2.2-cp313-abi3-manylinux2014_s390x.manylinux_2_17_s390x.manylinux_2_28_s390x.whl", hash = "sha256:def246fe9e180626731b26e89816e79aae2276f825420a07b4a647abaa84becc"},
    {file = "audioop_lts-0.2.2-cp313-abi3-manylinux_2_31_riscv64.manylinux_2_39_riscv64.whl", hash = "sha256:e160bf9df356d841bb6c180eeeea1834085464626dc1b68fa4e1d59070affdc3"},
    {file = "audioop_lts-0.2.2-cp313-abi3-musllinux_1_2_aarch64.whl", hash = "sha256:4b4cd51a57b698b2d06cb9993b7ac8dfe89a3b2878e96bc7948e9f19ff51dba6"},
    {file = "audioop_lts-0.2.2-cp313-abi3-musllinux_1_2_ppc64le.whl", hash = "sha256:4a53aa7c16a60a6857e6b0b165261436396ef7293f8b5c9c828a3a203147ed4a"},
    {file = "audioop_lts-0.2.2-cp313-abi3-musllinux_1_2_riscv64.whl", hash = "sha256:3fc38008969796f0f689f1453722a0f463da1b8a6fbee11987830bfbb664f623"},
    {file = "audioop_lts-0.2.2-cp313-abi3-musllinux_1_2_s390x.whl", hash = "sha256:15ab25dd3e620790f40e9ead897f91e79c0d3ce65fe193c8ed6c26cffdd24be7"},
    {file = "audioop_lts-0.2.2-cp313-abi3-musllinux_1_2_x86_64.whl", hash = "sha256:03f061a1915538fd96272bac9551841859dbb2e3bf73ebe4a23ef043766f5449"},
    {file = "audioop_lts-0.2.2-cp313-abi3-win32.whl", hash = "sha256:3bcddaaf6cc5935a300a8387c99f7a7fbbe212a11568ec6cf6e4bc458c048636"},
    {file = "audioop_lts-0.2.2-cp313-abi3-win_amd64.whl", hash = "sha256:a2c2a947fae7d1062ef08c4e369e0ba2086049a5e598fda41122535557012e9e"},
    {file = "audioop_lts-0.2.2-cp313-abi3-win_arm64.whl", hash = "sha256:5f93a5db13927a37d2d09637ccca4b2b6b48c19cd9eda7b17a2e9f77edee6a6f"},
    {file = "audioop_lts-0.2.2-cp313-cp313t-macosx_10_13_universal2.whl", hash = "sha256:73f80bf4cd5d2ca7814da30a120de1f9408ee0619cc75da87d0641273d202a09"},
    {file = "audioop_lts-0.2.2-cp313-cp313t-macosx_10_13_x86_64.whl", hash = "sha256:106753a83a25ee4d6f473f2be6b0966fc1c9af7e0017192f5531a3e7463dce58"},
    {file = "audioop_lts-0.2.2-cp313-cp313t-macosx_11_0_arm64.whl", hash = "sha256:fbdd522624141e40948ab3e8cdae6e04c748d78710e9f0f8d4dae2750831de19"},
    {file = "audioop_lts-0.2.2-cp313-cp313t-manylinux1_x86_64.manylinux_2_28_x86_64.manylinux_2_5_x86_64.whl", hash = "sha256:143fad0311e8209ece30a8dbddab3b65ab419cbe8c0dde6e8828da25999be911"},
    {file = "audioop_lts-0.2.2-cp313-cp313t-manylinux2014_aarch64.manylinux_2_17_aarch64.manylinux_2_28_aarch64.whl", hash = "sha256:dfbbc74ec68a0fd08cfec1f4b5e8cca3d3cd7de5501b01c4b5d209995033cde9"},
    {file = "audioop_lts-0.2.2-cp313-cp313t-manylinux2014_ppc64le.manylinux_2_17_ppc64le.manylinux_2_28_ppc64le.whl", hash = "sha256:cfcac6aa6f42397471e4943e0feb2244549db5c5d01efcd02725b96af417f3fe"},
    {file = "audioop_lts-0.2.2-cp313-cp313t-manylinux2014_s390x.manylinux_2_17_s390x.manylinux_2_28_s390x.whl", hash = "sha256:752d76472d9804ac60f0078c79cdae8b956f293177acd2316cd1e15149aee132"},
    {file = "audioop_lts-0.2.2-cp313-cp313t-manylinux_2_31_riscv64.manylinux_2_39_riscv64.whl", hash = "sha256:83c381767e2cc10e93e40281a04852facc4cd9334550e0f392f72d1c0a9c5753"},
    {file = "audioop_lts-0.2.2-cp313-cp313t-musllinux_1_2_aarch64.whl", hash = "sha256:c0022283e9556e0f3643b7c3c03f05063ca72b3063291834cca43234f20c60bb"},
    {file = "audioop_lts-0.2.2-cp313-cp313t-musllinux_1_2_ppc64le.whl", hash = "sha256:a2d4f1513d63c795e82948e1305f31a6d530626e5f9f2605408b300ae6095093"},
    {file = "audioop_lts-0.2.2-cp313-cp313t-musllinux_1_2_riscv64.whl", hash = "sha256:c9c8e68d8b4a56fda8c025e538e639f8c5953f5073886b596c93ec9b620055e7"},
    {file = "audioop_lts-0.2.2-cp313-cp313t-musllinux_1_2_s390x.whl", hash = "sha256:96f19de485a2925314f5020e85911fb447ff5fbef56e8c7c6927851b95533a1c"},
    {file = "audioop_lts-0.2.2-cp313-cp313t-musllinux_1_2_x86_64.whl", hash = "sha256:e541c3ef484852ef36545f66209444c48b28661e864ccadb29daddb6a4b8e5f5"},
    {file = "audioop_lts-0.2.2-cp313-cp313t-win32.whl", hash = "sha256:d5e73fa573e273e4f2e5ff96f9043858a5e9311e94ffefd88a3186a910c70917"},
    {file = "audioop_lts-0.2.2-cp313-cp313t-win_amd64.whl", hash = "sha256:9191d68659eda01e448188f60364c7763a7ca6653ed3f87ebb165822153a8547"},
    {file = "audioop_lts-0.2.2-cp313-cp313t-win_arm64.whl", hash = "sha256:c174e322bb5783c099aaf87faeb240c8d210686b04bd61dfd05a8e5a83d88969"},
    {file = "audioop_lts-0.2.2.tar.gz", hash = "sha256:64d0c62d88e67b98a1a5e71987b7aa7b5bcffc7dcee65b635823dbdd0a8dbbd0"},
]

[[package]]
name = "discord-py"
version = "2.7.1"
requires_python = ">=3.8"
summary = "A Python wrapper for the Discord API"
groups = ["default"]
dependencies = [
    "aiohttp<4,>=3.7.4",
    "audioop-lts; python_version >= \"3.13\"",
]
files = [
    {file = "discord_py-2.7.1-py3-none-any.whl", hash = "sha256:849dca2c63b171146f3a7f3f8acc04248098e9e6203412ce3cf2745f284f7439"},
    {file = "discord_py-2.7.1.tar.gz", hash = "sha256:24d5e6a45535152e4b98148a9dd6b550d25dc2c9fb41b6d670319411641249da"},
]

[[package]]
name = "frozenlist"
version = "1.8.0"
requires_python = ">=3.9"
summary = "A list-like structure which implements collections.abc.MutableSequence"
groups = ["default"]
files = [
    {file = "frozenlist-1.8.0-cp313-cp313-macosx_10_13_universal2.whl", hash = "sha256:8d92f1a84bb12d9e56f818b3a746f3efba93c1b63c8387a73dde655e1e42282a"},
    {file = "frozenlist-1.8.0-cp313-cp313-macosx_10_13_x86_64.whl", hash = "sha256:96153e77a591c8adc2ee805756c61f59fef4cf4073a9275ee86fe8cba41241f7"},
    {file = "frozenlist-1.8.0-cp313-cp313-macosx_11_0_arm64.whl", hash = "sha256:f21f00a91358803399890ab167098c131ec2ddd5f8f5fd5fe9c9f2c6fcd91e40"},
    {file = "frozenlist-1.8.0-cp313-cp313-manylinux1_x86_64.manylinux_2_28_x86_64.manylinux_2_5_x86_64.whl", hash = "sha256:fb30f9626572a76dfe4293c7194a09fb1fe93ba94c7d4f720dfae3b646b45027"},
    {file = "frozenlist-1.8.0-cp313-cp313-manylinux2014_aarch64.manylinux_2_17_aarch64.manylinux_2_28_aarch64.whl", hash = "sha256:eaa352d7047a31d87dafcacbabe89df0aa506abb5b1b85a2fb91bc3faa02d822"},
    {file = "frozenlist-1.8.0-cp313-cp313-manylinux2014_armv7l.manylinux_2_17_armv7l.manylinux_2_31_armv7l.whl", hash = "sha256:03ae967b4e297f58f8c774c7eabcce57fe3c2434817d4385c50661845a058121"},
    {file = "frozenlist-1.8.0-cp313-cp313-manylinux2014_ppc64le.manylinux_2_17_ppc64le.manylinux_2_28_ppc64le.whl", hash = "sha256:f6292f1de555ffcc675941d65fffffb0a5bcd992905015f85d0592201793e0e5"},
    {file = "frozenlist-1.8.0-cp313-cp313-manylinux2014_s390x.manylinux_2_17_s390x.manylinux_2_28_s390x.whl", hash = "sha256:29548f9b5b5e3460ce7378144c3010363d8035cea44bc0bf02d57f5a685e084e"},
    {file = "frozenlist-1.8.0-cp313-cp313-musllinux_1_2_aarch64.whl", hash = "sha256:ec3cc8c5d4084591b4237c0a272cc4f50a5b03396a47d9caaf76f5d7b38a4f11"},
    {file = "frozenlist-1.8.0-cp313-cp313-musllinux_1_2_armv7l.whl", hash = "sha256:517279f58009d0b1f2e7c1b130b377a349405da3f7621ed6bfae50b10adf20c1"},
    {file = "frozenlist-1.8.0-cp313-cp313-musllinux_1_2_ppc64le.whl", hash = "sha256:db1e72ede2d0d7ccb213f218df6a078a9c09a7de257c2fe8fcef16d5925230b1"},
    {file = "frozenlist-1.8.0-cp313-cp313-musllinux_1_2_s390x.whl", hash = "sha256:b4dec9482a65c54a5044486847b8a66bf10c9cb4926d42927ec4e8fd5db7fed8"},
    {file = "frozenlist-1.8.0-cp313-cp313-musllinux_1_2_x86_64.whl", hash = "sha256:21900c48ae04d13d416f0e1e0c4d81f7931f73a9dfa0b7a8746fb2fe7dd970ed"},
    {file = "frozenlist-1.8.0-cp313-cp313-win32.whl", hash = "sha256:8b7b94a067d1c504ee0b16def57ad5738701e4ba10cec90529f13fa03c833496"},
    {file = "frozenlist-1.8.0-cp313-cp313-win_amd64.whl", hash = "sha256:878be833caa6a3821caf85eb39c5ba92d28e85df26d57afb06b35b2efd937231"},
    {file = "frozenlist-1.8.0-cp313-cp313-win_arm64.whl", hash = "sha256:44389d135b3ff43ba8cc89ff7f51f5a0bb6b63d829c8300f79a2fe4fe61bcc62"},
    {file = "frozenlist-1.8.0-cp313-cp313t-macosx_10_13_universal2.whl", hash = "sha256:e25ac20a2ef37e91c1b39938b591457666a0fa835c7783c3a8f33ea42870db94"},
    {file = "frozenlist-1.8.0-cp313-cp313t-macosx_10_13_x86_64.whl", hash = "sha256:07cdca25a91a4386d2e76ad992916a85038a9b97561bf7a3fd12d5d9ce31870c"},
    {file = "frozenlist-1.8.0-cp313-cp313t-macosx_11_0_arm64.whl", hash = "sha256:4e0c11f2cc6717e0a741f84a527c52616140741cd812a50422f83dc31749fb52"},
    {file = "frozenlist-1.8.0-cp313-cp313t-manylinux1_x86_64.manylinux_2_28_x86_64.manylinux_2_5_x86_64.whl", hash = "sha256:b3210649ee28062ea6099cfda39e147fa1bc039583c8ee4481cb7811e2448c51"},
    {file = "frozenlist-1.8.0-cp313-cp313t-manylinux2014_aarch64.manylinux_2_17_aarch64.manylinux_2_28_aarch64.whl", hash = "sha256:581ef5194c48035a7de2aefc72ac6539823bb71508189e5de01d60c9dcd5fa65"},
    {file = "frozenlist-1.8.0-cp313-cp313t-manylinux2014_armv7l.manylinux_2_17_armv7l.manylinux_2_31_armv7l.whl", hash = "sha256:3ef2d026f16a2b1866e1d86fc4e1291e1ed8a387b2c333809419a2f8b3a77b82"},
    {file = "frozenlist-1.8.0-cp313-cp313t-manylinux2014_ppc64le.manylinux_2_17_ppc64le.manylinux_2_28_ppc64le.whl", hash = "sha256:5500ef82073f599ac84d888e3a8c1f77ac831183244bfd7f11eaa0289fb30714"},
    {file = "frozenlist-1.8.0-cp313-cp313t-manylinux2014_s390x.manylinux_2_17_s390x.manylinux_2_28_s390x.whl", hash = "sha256:50066c3997d0091c411a66e710f4e11752251e6d2d73d70d8d5d4c76442a199d"},
    {file = "frozenlist-1.8.0-cp313-cp313t-musllinux_1_2_aarch64.whl", hash = "sha256:5c1c8e78426e59b3f8005e9b19f6ff46e5845895adbde20ece9218319eca6506"},
    {file = "frozenlist-1.8.0-cp313-cp313t-musllinux_1_2_armv7l.whl", hash = "sha256:eefdba20de0d938cec6a89bd4d70f346a03108a19b9df4248d3cf0d88f1b0f51"},
    {file = "frozenlist-1.8.0-cp313-cp313t-musllinux_1_2_ppc64le.whl", hash = "sha256:cf253e0e1c3ceb4aaff6df637ce033ff6535fb8c70a764a8f46aafd3d6ab798e"},
    {file = "frozenlist-1.8.0-cp313-cp313t-musllinux_1_2_s390x.whl", hash = "sha256:032efa2674356903cd0261c4317a561a6850f3ac864a63fc1583147fb05a79b0"},
    {file = "frozenlist-1.8.0-cp313-cp313t-musllinux_1_2_x86_64.whl", hash = "sha256:6da155091429aeba16851ecb10a9104a108bcd32f6c1642867eadaee401c1c41"},
    {file = "frozenlist-1.8.0-cp313-cp313t-win32.whl", hash = "sha256:0f96534f8bfebc1a394209427d0f8a63d343c9779cda6fc25e8e121b5fd8555b"},
    {file = "frozenlist-1.8.0-cp313-cp313t-win_amd64.whl", hash = "sha256:5d63a068f978fc69421fb0e6eb91a9603187527c86b7cd3f534a5b77a592b888"},
    {file = "frozenlist-1.8.0-cp313-cp313t-win_arm64.whl", hash = "sha256:bf0a7e10b077bf5fb9380ad3ae8ce20ef919a6ad93b4552896419ac7e1d8e042"},
    {file = "frozenlist-1.8.0-py3-none-any.whl", hash = "sha256:0c18a16eab41e82c295618a77502e17b195883241c563b00f0aa5106fc4eaa0d"},
    {file = "frozenlist-1.8.0.tar.gz", hash = "sha256:3ede829ed8d842f6cd48fc7081d7a41001a56f1f38603f9d49bf3020d59a31ad"},
]

[[package]]
name = "idna"
version = "3.11"
requires_python = ">=3.8"
summary = "Internationalized Domain Names in Applications (IDNA)"
groups = ["default"]
files = [
    {file = "idna-3.11-py3-none-any.whl", hash = "sha256:771a87f49d9defaf64091e6e6fe9c18d4833f140bd19464795bc32d966ca37ea"},
    {file = "idna-3.11.tar.gz", hash = "sha256:795dafcc9c04ed0c1fb032c2aa73654d8e8c5023a7df64a53f39190ada629902"},
]

[[package]]
name = "multidict"
version = "6.7.1"
requires_python = ">=3.9"
summary = "multidict implementation"
groups = ["default"]
dependencies = [
    "typing-extensions>=4.1.0; python_version < \"3.11\"",
]
files = [
    {file = "multidict-6.7.1-cp313-cp313-macosx_10_13_universal2.whl", hash = "sha256:2b41f5fed0ed563624f1c17630cb9941cf2309d4df00e494b551b5f3e3d67a23"},
    {file = "multidict-6.7.1-cp313-cp313-macosx_10_13_x86_64.whl", hash = "sha256:84e61e3af5463c19b67ced91f6c634effb89ef8bfc5ca0267f954451ed4bb6a2"},
    {file = "multidict-6.7.1-cp313-cp313-macosx_11_0_arm64.whl", hash = "sha256:935434b9853c7c112eee7ac891bc4cb86455aa631269ae35442cb316790c1445"},
    {file = "multidict-6.7.1-cp313-cp313-manylinux1_i686.manylinux_2_28_i686.manylinux_2_5_i686.whl", hash = "sha256:432feb25a1cb67fe82a9680b4d65fb542e4635cb3166cd9c01560651ad60f177"},
    {file = "multidict-6.7.1-cp313-cp313-manylinux2014_aarch64.manylinux_2_17_aarch64.manylinux_2_28_aarch64.whl", hash = "sha256:e82d14e3c948952a1a85503817e038cba5905a3352de76b9a465075d072fba23"},
    {file = "multidict-6.7.1-cp313-cp313-manylinux2014_armv7l.manylinux_2_17_armv7l.manylinux_2_31_armv7l.whl", hash = "sha256:4cfb48c6ea66c83bcaaf7e4dfa7ec1b6bbcf751b7db85a328902796dfde4c060"},
    {file = "multidict-6.7.1-cp313-cp313-manylinux2014_ppc64le.manylinux_2_17_ppc64le.manylinux_2_28_ppc64le.whl", hash = "sha256:1d540e51b7e8e170174555edecddbd5538105443754539193e3e1061864d444d"},
    {file = "multidict-6.7.1-cp313-cp313-manylinux2014_s390x.manylinux_2_17_s390x.manylinux_2_28_s390x.whl", hash = "sha256:273d23f4b40f3dce4d6c8a821c741a86dec62cded82e1175ba3d99be128147ed"},
    {file = "multidict-6.7.1-cp313-cp313-manylinux2014_x86_64.manylinux_2_17_x86_64.manylinux_2_28_x86_64.whl", hash = "sha256:9d624335fd4fa1c08a53f8b4be7676ebde19cd092b3895c421045ca87895b429"},
    {file = "multidict-6.7.1-cp313-cp313-musllinux_1_2_aarch64.whl", hash = "sha256:12fad252f8b267cc75b66e8fc51b3079604e8d43a75428ffe193cd9e2195dfd6"},
    {file = "multidict-6.7.1-cp313-cp313-musllinux_1_2_armv7l.whl", hash = "sha256:03ede2a6ffbe8ef936b92cb4529f27f42be7f56afcdab5ab739cd5f27fb1cbf9"},
    {file = "multidict-6.7.1-cp313-cp313-musllinux_1_2_i686.whl", hash = "sha256:90efbcf47dbe33dcf643a1e400d67d59abeac5db07dc3f27d6bdeae497a2198c"},
    {file = "multidict-6.7.1-cp313-cp313-musllinux_1_2_ppc64le.whl", hash = "sha256:5c4b9bfc148f5a91be9244d6264c53035c8a0dcd2f51f1c3c6e30e30ebaa1c84"},
    {file = "multidict-6.7.1-cp313-cp313-musllinux_1_2_s390x.whl", hash = "sha256:401c5a650f3add2472d1d288c26deebc540f99e2fb83e9525007a74cd2116f1d"},
    {file = "multidict-6.7.1-cp313-cp313-musllinux_1_2_x86_64.whl", hash = "sha256:97891f3b1b3ffbded884e2916cacf3c6fc87b66bb0dde46f7357404750559f33"},
    {file = "multidict-6.7.1-cp313-cp313-win32.whl", hash = "sha256:e1c5988359516095535c4301af38d8a8838534158f649c05dd1050222321bcb3"},
    {file = "multidict-6.7.1-cp313-cp313-win_amd64.whl", hash = "sha256:960c83bf01a95b12b08fd54324a4eb1d5b52c88932b5cba5d6e712bb3ed12eb5"},
    {file = "multidict-6.7.1-cp313-cp313-win_arm64.whl", hash = "sha256:563fe25c678aaba333d5399408f5ec3c383ca5b663e7f774dd179a520b8144df"},
    {file = "multidict-6.7.1-cp313-cp313t-macosx_10_13_universal2.whl", hash = "sha256:c76c4bec1538375dad9d452d246ca5368ad6e1c9039dadcf007ae59c70619ea1"},
    {file = "multidict-6.7.1-cp313-cp313t-macosx_10_13_x86_64.whl", hash = "sha256:57b46b24b5d5ebcc978da4ec23a819a9402b4228b8a90d9c656422b4bdd8a963"},
    {file = "multidict-6.7.1-cp313-cp313t-macosx_11_0_arm64.whl", hash = "sha256:e954b24433c768ce78ab7929e84ccf3422e46deb45a4dc9f93438f8217fa2d34"},
    {file = "multidict-6.7.1-cp313-cp313t-manylinux1_i686.manylinux_2_28_i686.manylinux_2_5_i686.whl", hash = "sha256:3bd231490fa7217cc832528e1cd8752a96f0125ddd2b5749390f7c3ec8721b65"},
    {file = "multidict-6.7.1-cp313-cp313t-manylinux2014_aarch64.manylinux_2_17_aarch64.manylinux_2_28_aarch64.whl", hash = "sha256:253282d70d67885a15c8a7716f3a73edf2d635793ceda8173b9ecc21f2fb8292"},
    {file = "multidict-6.7.1-cp313-cp313t-manylinux2014_armv7l.manylinux_2_17_armv7l.manylinux_2_31_armv7l.whl", hash = "sha256:0b4c48648d7649c9335cf1927a8b87fa692de3dcb15faa676c6a6f1f1aabda43"},
    {file = "multidict-6.7.1-cp313-cp313t-manylinux2014_ppc64le.manylinux_2_17_ppc64le.manylinux_2_28_ppc64le.whl", hash = "sha256:98bc624954ec4d2c7cb074b8eefc2b5d0ce7d482e410df446414355d158fe4ca"},
    {file = "multidict-6.7.1-cp313-cp313t-manylinux2014_s390x.manylinux_2_17_s390x.manylinux_2_28_s390x.whl", hash = "sha256:1b99af4d9eec0b49927b4402bcbb58dea89d3e0db8806a4086117019939ad3dd"},
    {file = "multidict-6.7.1-cp313-cp313t-manylinux2014_x86_64.manylinux_2_17_x86_64.manylinux_2_28_x86_64.whl", hash = "sha256:6aac4f16b472d5b7dc6f66a0d49dd57b0e0902090be16594dc9ebfd3d17c47e7"},
    {file = "multidict-6.7.1-cp313-cp313t-musllinux_1_2_aarch64.whl", hash = "sha256:21f830fe223215dffd51f538e78c172ed7c7f60c9b96a2bf05c4848ad49921c3"},
    {file = "multidict-6.7.1-cp313-cp313t-musllinux_1_2_armv7l.whl", hash = "sha256:f5dd81c45b05518b9aa4da4aa74e1c93d715efa234fd3e8a179df611cc85e5f4"},
    {file = "multidict-6.7.1-cp313-cp313t-musllinux_1_2_i686.whl", hash = "sha256:eb304767bca2bb92fb9c5bd33cedc95baee5bb5f6c88e63706533a1c06ad08c8"},
    {file = "multidict-6.7.1-cp313-cp313t-musllinux_1_2_ppc64le.whl", hash = "sha256:c9035dde0f916702850ef66460bc4239d89d08df4d02023a5926e7446724212c"},
    {file = "multidict-6.7.1-cp313-cp313t-musllinux_1_2_s390x.whl", hash = "sha256:af959b9beeb66c822380f222f0e0a1889331597e81f1ded7f374f3ecb0fd6c52"},
    {file = "multidict-6.7.1-cp313-cp313t-musllinux_1_2_x86_64.whl", hash = "sha256:41f2952231456154ee479651491e94118229844dd7226541788be783be2b5108"},
    {file = "multidict-6.7.1-cp313-cp313t-win32.whl", hash = "sha256:df9f19c28adcb40b6aae30bbaa1478c389efd50c28d541d76760199fc1037c32"},
    {file = "multidict-6.7.1-cp313-cp313t-win_amd64.whl", hash = "sha256:d54ecf9f301853f2c5e802da559604b3e95bb7a3b01a9c295c6ee591b9882de8"},
    {file = "multidict-6.7.1-cp313-cp313t-win_arm64.whl", hash = "sha256:5a37ca18e360377cfda1d62f5f382ff41f2b8c4ccb329ed974cc2e1643440118"},
    {file = "multidict-6.7.1-py3-none-any.whl", hash = "sha256:55d97cc6dae627efa6a6e548885712d4864b81110ac76fa4e534c03819fa4a56"},
    {file = "multidict-6.7.1.tar.gz", hash = "sha256:ec6652a1bee61c53a3e5776b6049172c53b6aaba34f18c9ad04f82712bac623d"},
]

[[package]]
name = "propcache"
version = "0.4.1"
requires_python = ">=3.9"
summary = "Accelerated property cache"
groups = ["default"]
files = [
    {file = "propcache-0.4.1-cp313-cp313-macosx_10_13_universal2.whl", hash = "sha256:43eedf29202c08550aac1d14e0ee619b0430aaef78f85864c1a892294fbc28cf"},
    {file = "propcache-0.4.1-cp313-cp313-macosx_10_13_x86_64.whl", hash = "sha256:d62cdfcfd89ccb8de04e0eda998535c406bf5e060ffd56be6c586cbcc05b3311"},
    {file = "propcache-0.4.1-cp313-cp313-macosx_11_0_arm64.whl", hash = "sha256:cae65ad55793da34db5f54e4029b89d3b9b9490d8abe1b4c7ab5d4b8ec7ebf74"},
    {file = "propcache-0.4.1-cp313-cp313-manylinux2014_aarch64.manylinux_2_17_aarch64.manylinux_2_28_aarch64.whl", hash = "sha256:333ddb9031d2704a301ee3e506dc46b1fe5f294ec198ed6435ad5b6a085facfe"},
    {file = "propcache-0.4.1-cp313-cp313-manylinux2014_ppc64le.manylinux_2_17_ppc64le.manylinux_2_28_ppc64le.whl", hash = "sha256:fd0858c20f078a32cf55f7e81473d96dcf3b93fd2ccdb3d40fdf54b8573df3af"},
    {file = "propcache-0.4.1-cp313-cp313-manylinux2014_s390x.manylinux_2_17_s390x.manylinux_2_28_s390x.whl", hash = "sha256:678ae89ebc632c5c204c794f8dab2837c5f159aeb59e6ed0539500400577298c"},
    {file = "propcache-0.4.1-cp313-cp313-manylinux2014_x86_64.manylinux_2_17_x86_64.manylinux_2_28_x86_64.whl", hash = "sha256:d472aeb4fbf9865e0c6d622d7f4d54a4e101a89715d8904282bb5f9a2f476c3f"},
    {file = "propcache-0.4.1-cp313-cp313-musllinux_1_2_aarch64.whl", hash = "sha256:4d3df5fa7e36b3225954fba85589da77a0fe6a53e3976de39caf04a0db4c36f1"},
    {file = "propcache-0.4.1-cp313-cp313-musllinux_1_2_armv7l.whl", hash = "sha256:ee17f18d2498f2673e432faaa71698032b0127ebf23ae5974eeaf806c279df24"},
    {file = "propcache-0.4.1-cp313-cp313-musllinux_1_2_ppc64le.whl", hash = "sha256:580e97762b950f993ae618e167e7be9256b8353c2dcd8b99ec100eb50f5286aa"},
    {file = "propcache-0.4.1-cp313-cp313-musllinux_1_2_s390x.whl", hash = "sha256:501d20b891688eb8e7aa903021f0b72d5a55db40ffaab27edefd1027caaafa61"},
    {file = "propcache-0.4.1-cp313-cp313-musllinux_1_2_x86_64.whl", hash = "sha256:9a0bd56e5b100aef69bd8562b74b46254e7c8812918d3baa700c8a8009b0af66"},
    {file = "propcache-0.4.1-cp313-cp313-win32.whl", hash = "sha256:bcc9aaa5d80322bc2fb24bb7accb4a30f81e90ab8d6ba187aec0744bc302ad81"},
    {file = "propcache-0.4.1-cp313-cp313-win_amd64.whl", hash = "sha256:381914df18634f5494334d201e98245c0596067504b9372d8cf93f4bb23e025e"},
    {file = "propcache-0.4.1-cp313-cp313-win_arm64.whl", hash = "sha256:8873eb4460fd55333ea49b7d189749ecf6e55bf85080f11b1c4530ed3034cba1"},
    {file = "propcache-0.4.1-cp313-cp313t-macosx_10_13_universal2.whl", hash = "sha256:92d1935ee1f8d7442da9c0c4fa7ac20d07e94064184811b685f5c4fada64553b"},
    {file = "propcache-0.4.1-cp313-cp313t-macosx_10_13_x86_64.whl", hash = "sha256:473c61b39e1460d386479b9b2f337da492042447c9b685f28be4f74d3529e566"},
    {file = "propcache-0.4.1-cp313-cp313t-macosx_11_0_arm64.whl", hash = "sha256:c0ef0aaafc66fbd87842a3fe3902fd889825646bc21149eafe47be6072725835"},
    {file = "propcache-0.4.1-cp313-cp313t-manylinux2014_aarch64.manylinux_2_17_aarch64.manylinux_2_28_aarch64.whl", hash = "sha256:f95393b4d66bfae908c3ca8d169d5f79cd65636ae15b5e7a4f6e67af675adb0e"},
    {file = "propcache-0.4.1-cp313-cp313t-manylinux2014_ppc64le.manylinux_2_17_ppc64le.manylinux_2_28_ppc64le.whl", hash = "sha256:c07fda85708bc48578467e85099645167a955ba093be0a2dcba962195676e859"},
    {file = "propcache-0.4.1-cp313-cp313t-manylinux2014_s390x.manylinux_2_17_s390x.manylinux_2_28_s390x.whl", hash = "sha256:af223b406d6d000830c6f65f1e6431783fc3f713ba3e6cc8c024d5ee96170a4b"},
    {file = "propcache-0.4.1-cp313-cp313t-manylinux2014_x86_64.manylinux_2_17_x86_64.manylinux_2_28_x86_64.whl", hash = "sha256:a78372c932c90ee474559c5ddfffd718238e8673c340dc21fe45c5b8b54559a0"},
    {file = "propcache-0.4.1-cp313-cp313t-musllinux_1_2_aarch64.whl", hash = "sha256:564d9f0d4d9509e1a870c920a89b2fec951b44bf5ba7d537a9e7c1ccec2c18af"},
    {file = "propcache-0.4.1-cp313-cp313t-musllinux_1_2_armv7l.whl", hash = "sha256:17612831fda0138059cc5546f4d12a2aacfb9e47068c06af35c400ba58ba7393"},
    {file = "propcache-0.4.1-cp313-cp313t-musllinux_1_2_ppc64le.whl", hash = "sha256:41a89040cb10bd345b3c1a873b2bf36413d48da1def52f268a055f7398514874"},
    {file = "propcache-0.4.1-cp313-cp313t-musllinux_1_2_s390x.whl", hash = "sha256:e35b88984e7fa64aacecea39236cee32dd9bd8c55f57ba8a75cf2399553f9bd7"},
    {file = "propcache-0.4.1-cp313-cp313t-musllinux_1_2_x86_64.whl", hash = "sha256:6f8b465489f927b0df505cbe26ffbeed4d6d8a2bbc61ce90eb074ff129ef0ab1"},
    {file = "propcache-0.4.1-cp313-cp313t-win32.whl", hash = "sha256:2ad890caa1d928c7c2965b48f3a3815c853180831d0e5503d35cf00c472f4717"},
    {file = "propcache-0.4.1-cp313-cp313t-win_amd64.whl", hash = "sha256:f7ee0e597f495cf415bcbd3da3caa3bd7e816b74d0d52b8145954c5e6fd3ff37"},
    {file = "propcache-0.4.1-cp313-cp313t-win_arm64.whl", hash = "sha256:929d7cbe1f01bb7baffb33dc14eb5691c95831450a26354cd210a8155170c93a"},
    {file = "propcache-0.4.1-py3-none-any.whl", hash = "sha256:af2a6052aeb6cf17d3e46ee169099044fd8224cbaf75c76a2ef596e8163e2237"},
    {file = "propcache-0.4.1.tar.gz", hash = "sha256:f48107a8c637e80362555f37ecf49abe20370e557cc4ab374f04ec4423c97c3d"},
]

[[package]]
name = "python-dotenv"
version = "1.2.2"
requires_python = ">=3.10"
summary = "Read key-value pairs from a .env file and set them as environment variables"
groups = ["default"]
files = [
    {file = "python_dotenv-1.2.2-py3-none-any.whl", hash = "sha256:1d8214789a24de455a8b8bd8ae6fe3c6b69a5e3d64aa8a8e5d68e694bbcb285a"},
    {file = "python_dotenv-1.2.2.tar.gz", hash = "sha256:2c371a91fbd7ba082c2c1dc1f8bf89ca22564a087c2c287cd9b662adde799cf3"},
]

[[package]]
name = "yarl"
version = "1.23.0"
requires_python = ">=3.10"
summary = "Yet another URL library"
groups = ["default"]
dependencies = [
    "idna>=2.0",
    "multidict>=4.0",
    "propcache>=0.2.1",
]
files = [
    {file = "yarl-1.23.0-cp313-cp313-macosx_10_13_universal2.whl", hash = "sha256:16c6994ac35c3e74fb0ae93323bf8b9c2a9088d55946109489667c510a7d010e"},
    {file = "yarl-1.23.0-cp313-cp313-macosx_10_13_x86_64.whl", hash = "sha256:4a42e651629dafb64fd5b0286a3580613702b5809ad3f24934ea87595804f2c5"},
    {file = "yarl-1.23.0-cp313-cp313-macosx_11_0_arm64.whl", hash = "sha256:7c6b9461a2a8b47c65eef63bb1c76a4f1c119618ffa99ea79bc5bb1e46c5821b"},
    {file = "yarl-1.23.0-cp313-cp313-manylinux2014_aarch64.manylinux_2_17_aarch64.manylinux_2_28_aarch64.whl", hash = "sha256:2569b67d616eab450d262ca7cb9f9e19d2f718c70a8b88712859359d0ab17035"},
    {file = "yarl-1.23.0-cp313-cp313-manylinux2014_armv7l.manylinux_2_17_armv7l.manylinux_2_31_armv7l.whl", hash = "sha256:e9d9a4d06d3481eab79803beb4d9bd6f6a8e781ec078ac70d7ef2dcc29d1bea5"},
    {file = "yarl-1.23.0-cp313-cp313-manylinux2014_ppc64le.manylinux_2_17_ppc64le.manylinux_2_28_ppc64le.whl", hash = "sha256:f514f6474e04179d3d33175ed3f3e31434d3130d42ec153540d5b157deefd735"},
    {file = "yarl-1.23.0-cp313-cp313-manylinux2014_s390x.manylinux_2_17_s390x.manylinux_2_28_s390x.whl", hash = "sha256:fda207c815b253e34f7e1909840fd14299567b1c0eb4908f8c2ce01a41265401"},
    {file = "yarl-1.23.0-cp313-cp313-manylinux2014_x86_64.manylinux_2_17_x86_64.manylinux_2_28_x86_64.whl", hash = "sha256:34b6cf500e61c90f305094911f9acc9c86da1a05a7a3f5be9f68817043f486e4"},
    {file = "yarl-1.23.0-cp313-cp313-manylinux_2_31_riscv64.manylinux_2_39_riscv64.whl", hash = "sha256:d7504f2b476d21653e4d143f44a175f7f751cd41233525312696c76aa3dbb23f"},
    {file = "yarl-1.23.0-cp313-cp313-musllinux_1_2_aarch64.whl", hash = "sha256:578110dd426f0d209d1509244e6d4a3f1a3e9077655d98c5f22583d63252a08a"},
    {file = "yarl-1.23.0-cp313-cp313-musllinux_1_2_armv7l.whl", hash = "sha256:609d3614d78d74ebe35f54953c5bbd2ac647a7ddb9c30a5d877580f5e86b22f2"},
    {file = "yarl-1.23.0-cp313-cp313-musllinux_1_2_ppc64le.whl", hash = "sha256:4966242ec68afc74c122f8459abd597afd7d8a60dc93d695c1334c5fd25f762f"},
    {file = "yarl-1.23.0-cp313-cp313-musllinux_1_2_riscv64.whl", hash = "sha256:e0fd068364a6759bc794459f0a735ab151d11304346332489c7972bacbe9e72b"},
    {file = "yarl-1.23.0-cp313-cp313-musllinux_1_2_s390x.whl", hash = "sha256:39004f0ad156da43e86aa71f44e033de68a44e5a31fc53507b36dd253970054a"},
    {file = "yarl-1.23.0-cp313-cp313-musllinux_1_2_x86_64.whl", hash = "sha256:e5723c01a56c5028c807c701aa66722916d2747ad737a046853f6c46f4875543"},
    {file = "yarl-1.23.0-cp313-cp313-win32.whl", hash = "sha256:1b6b572edd95b4fa8df75de10b04bc81acc87c1c7d16bcdd2035b09d30acc957"},
    {file = "yarl-1.23.0-cp313-cp313-win_amd64.whl", hash = "sha256:baaf55442359053c7d62f6f8413a62adba3205119bcb6f49594894d8be47e5e3"},
    {file = "yarl-1.23.0-cp313-cp313-win_arm64.whl", hash = "sha256:fb4948814a2a98e3912505f09c9e7493b1506226afb1f881825368d6fb776ee3"},
    {file = "yarl-1.23.0-cp313-cp313t-macosx_10_13_universal2.whl", hash = "sha256:aecfed0b41aa72b7881712c65cf764e39ce2ec352324f5e0837c7048d9e6daaa"},
    {file = "yarl-1.23.0-cp313-cp313t-macosx_10_13_x86_64.whl", hash = "sha256:a41bcf68efd19073376eb8cf948b8d9be0af26256403e512bb18f3966f1f9120"},
    {file = "yarl-1.23.0-cp313-cp313t-macosx_11_0_arm64.whl", hash = "sha256:cde9a2ecd91668bcb7f077c4966d8ceddb60af01b52e6e3e2680e4cf00ad1a59"},
    {file = "yarl-1.23.0-cp313-cp313t-manylinux2014_aarch64.manylinux_2_17_aarch64.manylinux_2_28_aarch64.whl", hash = "sha256:5023346c4ee7992febc0068e7593de5fa2bf611848c08404b35ebbb76b1b0512"},
    {file = "yarl-1.23.0-cp313-cp313t-manylinux2014_armv7l.manylinux_2_17_armv7l.manylinux_2_31_armv7l.whl", hash = "sha256:d1009abedb49ae95b136a8904a3f71b342f849ffeced2d3747bf29caeda218c4"},
    {file = "yarl-1.23.0-cp313-cp313t-manylinux2014_ppc64le.manylinux_2_17_ppc64le.manylinux_2_28_ppc64le.whl", hash = "sha256:a8d00f29b42f534cc8aa3931cfe773b13b23e561e10d2b26f27a8d309b0e82a1"},
    {file = "yarl-1.23.0-cp313-cp313t-manylinux2014_s390x.manylinux_2_17_s390x.manylinux_2_28_s390x.whl", hash = "sha256:95451e6ce06c3e104556d73b559f5da6c34a069b6b62946d3ad66afcd51642ea"},
    {file = "yarl-1.23.0-cp313-cp313t-manylinux2014_x86_64.manylinux_2_17_x86_64.manylinux_2_28_x86_64.whl", hash = "sha256:531ef597132086b6cf96faa7c6c1dcd0361dd5f1694e5cc30375907b9b7d3ea9"},
    {file = "yarl-1.23.0-cp313-cp313t-manylinux_2_31_riscv64.manylinux_2_39_riscv64.whl", hash = "sha256:88f9fb0116fbfcefcab70f85cf4b74a2b6ce5d199c41345296f49d974ddb4123"},
    {file = "yarl-1.23.0-cp313-cp313t-musllinux_1_2_aarch64.whl", hash = "sha256:e7b0460976dc75cb87ad9cc1f9899a4b97751e7d4e77ab840fc9b6d377b8fd24"},
    {file = "yarl-1.23.0-cp313-cp313t-musllinux_1_2_armv7l.whl", hash = "sha256:115136c4a426f9da976187d238e84139ff6b51a20839aa6e3720cd1026d768de"},
    {file = "yarl-1.23.0-cp313-cp313t-musllinux_1_2_ppc64le.whl", hash = "sha256:ead11956716a940c1abc816b7df3fa2b84d06eaed8832ca32f5c5e058c65506b"},
    {file = "yarl-1.23.0-cp313-cp313t-musllinux_1_2_riscv64.whl", hash = "sha256:fe8f8f5e70e6dbdfca9882cd9deaac058729bcf323cf7a58660901e55c9c94f6"},
    {file = "yarl-1.23.0-cp313-cp313t-musllinux_1_2_s390x.whl", hash = "sha256:a0e317df055958a0c1e79e5d2aa5a5eaa4a6d05a20d4b0c9c3f48918139c9fc6"},
    {file = "yarl-1.23.0-cp313-cp313t-musllinux_1_2_x86_64.whl", hash = "sha256:6f0fd84de0c957b2d280143522c4f91a73aada1923caee763e24a2b3fda9f8a5"},
    {file = "yarl-1.23.0-cp313-cp313t-win32.whl", hash = "sha256:93a784271881035ab4406a172edb0faecb6e7d00f4b53dc2f55919d6c9688595"},
    {file = "yarl-1.23.0-cp313-cp313t-win_amd64.whl", hash = "sha256:dd00607bffbf30250fe108065f07453ec124dbf223420f57f5e749b04295e090"},
    {file = "yarl-1.23.0-cp313-cp313t-win_arm64.whl", hash = "sha256:ac09d42f48f80c9ee1635b2fcaa819496a44502737660d3c0f2ade7526d29144"},
    {file = "yarl-1.23.0-py3-none-any.whl", hash = "sha256:a2df6afe50dea8ae15fa34c9f824a3ee958d785fd5d089063d960bae1daa0a3f"},
    {file = "yarl-1.23.0.tar.gz", hash = "sha256:53b1ea6ca88ebd4420379c330aea57e258408dd0df9af0992e5de2078dc9f5d5"},
]
